
Microsoft Visual Studio Solution File, Format Version 12.00
Project("{FAE04EC0-301F-11D3-BF4B-00C04F79EFBC}") = "Day2", "Day2\Day2.csproj", "{06A7EAC2-AE24-4D76-8F76-A3F7E70D8A73}"
EndProject
Project("{FAE04EC0-301F-11D3-BF4B-00C04F79EFBC}") = "Day3", "Day3\Day3.csproj", "{D2EEC8C6-5A9B-4AFB-85D3-9C6C86A501B3}"
EndProject
Project("{FAE04EC0-301F-11D3-BF4B-00C04F79EFBC}") = "Day4", "Day4\Day4.csproj", "{D78FC94D-BAE2-4582-92A2-AED6230CD3F3}"
EndProject
Project("{FAE04EC0-301F-11D3-BF4B-00C04F79EFBC}") = "Day5", "Day5\Day5.csproj", "{1333B951-79A8-4C52-ABE1-61FDA5717531}"
EndProject
Project("{FAE04EC0-301F-11D3-BF4B-00C04F79EFBC}") = "Day6", "Day6\Day6.csproj", "{F2097B01-65CE-4094-A053-0E0F50C99BCD}"
EndProject
Project("{FAE04EC0-301F-11D3-BF4B-00C04F79EFBC}") = "Day1", "Day1\Day1.csproj", "{3D2F66C0-99A2-44D1-AA86-D961C43A254E}"
EndProject
Project("{FAE04EC0-301F-11D3-BF4B-00C04F79EFBC}") = "Day7", "Day7\Day7.csproj", "{4E921732-C3D6-4E2B-A781-1AB050E34240}"
EndProject
Global
	GlobalSection(SolutionConfigurationPlatforms) = preSolution
		Debug|Any CPU = Debug|Any CPU
		Release|Any CPU = Release|Any CPU
	EndGlobalSection
	GlobalSection(ProjectConfigurationPlatforms) = postSolution
		{06A7EAC2-AE24-4D76-8F76-A3F7E70D8A73}.Debug|Any CPU.ActiveCfg = Debug|Any CPU
		{06A7EAC2-AE24-4D76-8F76-A3F7E70D8A73}.Debug|Any CPU.Build.0 = Debug|Any CPU
		{06A7EAC2-AE24-4D76-8F76-A3F7E70D8A73}.Release|Any CPU.ActiveCfg = Release|Any CPU
		{06A7EAC2-AE24-4D76-8F76-A3F7E70D8A73}.Release|Any CPU.Build.0 = Release|Any CPU
		{D2EEC8C6-5A9B-4AFB-85D3-9C6C86A501B3}.Debug|Any CPU.ActiveCfg = Debug|Any CPU
		{D2EEC8C6-5A9B-4AFB-85D3-9C6C86A501B3}.Debug|Any CPU.Build.0 = Debug|Any CPU
		{D2EEC8C6-5A9B-4AFB-85D3-9C6C86A501B3}.Release|Any CPU.ActiveCfg = Release|Any CPU
		{D2EEC8C6-5A9B-4AFB-85D3-9C6C86A501B3}.Release|Any CPU.Build.0 = Release|Any CPU
		{D78FC94D-BAE2-4582-92A2-AED6230CD3F3}.Debug|Any CPU.ActiveCfg = Debug|Any CPU
		{D78FC94D-BAE2-4582-92A2-AED6230CD3F3}.Debug|Any CPU.Build.0 = Debug|Any CPU
		{D78FC94D-BAE2-4582-92A2-AED6230CD3F3}.Release|Any CPU.ActiveCfg = Release|Any CPU
		{D78FC94D-BAE2-4582-92A2-AED6230CD3F3}.Release|Any CPU.Build.0 = Release|Any CPU
		{1333B951-79A8-4C52-ABE1-61FDA5717531}.Debug|Any CPU.ActiveCfg = Debug|Any CPU
		{1333B951-79A8-4C52-ABE1-61FDA5717531}.Debug|Any CPU.Build.0 = Debug|Any CPU
		{1333B951-79A8-4C52-ABE1-61FDA5717531}.Release|Any CPU.ActiveCfg = Release|Any CPU
		{1333B951-79A8-4C52-ABE1-61FDA5717531}.Release|Any CPU.Build.0 = Release|Any CPU
		{F2097B01-65CE-4094-A053-0E0F50C99BCD}.Debug|Any CPU.ActiveCfg = Debug|Any CPU
		{F2097B01-65CE-4094-A053-0E0F50C99BCD}.Debug|Any CPU.Build.0 = Debug|Any CPU
		{F2097B01-65CE-4094-A053-0E0F50C99BCD}.Release|Any CPU.ActiveCfg = Release|Any CPU
		{F2097B01-65CE-4094-A053-0E0F50C99BCD}.Release|Any CPU.Build.0 = Release|Any CPU
		{3D2F66C0-99A2-44D1-AA86-D961C43A254E}.Debug|Any CPU.ActiveCfg = Debug|Any CPU
		{3D2F66C0-99A2-44D1-AA86-D961C43A254E}.Debug|Any CPU.Build.0 = Debug|Any CPU
		{3D2F66C0-99A2-44D1-AA86-D961C43A254E}.Release|Any CPU.ActiveCfg = Release|Any CPU
		{3D2F66C0-99A2-44D1-AA86-D961C43A254E}.Release|Any CPU.Build.0 = Release|Any CPU
		{4E921732-C3D6-4E2B-A781-1AB050E34240}.Debug|Any CPU.ActiveCfg = Debug|Any CPU
		{4E921732-C3D6-4E2B-A781-1AB050E34240}.Debug|Any CPU.Build.0 = Debug|Any CPU
		{4E921732-C3D6-4E2B-A781-1AB050E34240}.Release|Any CPU.ActiveCfg = Release|Any CPU
		{4E921732-C3D6-4E2B-A781-1AB050E34240}.Release|Any CPU.Build.0 = Release|Any CPU
	EndGlobalSection
EndGlobal
